
Microsoft Visual Studio Solution File, Format Version 12.00
# Visual Studio Version 16
VisualStudioVersion = 16.0.30002.166
MinimumVisualStudioVersion = 10.0.40219.1
Project("{FAE04EC0-301F-11D3-BF4B-00C04F79EFBC}") = "OpenSong2ProPresenter", "OpenSong2ProPresenter.csproj", "{8B7A9BD0-F010-4808-A96F-D63104BA5A90}"
EndProject
Global
	GlobalSection(SolutionConfigurationPlatforms) = preSolution
		Debug|Any CPU = Debug|Any CPU
		Release|Any CPU = Release|Any CPU
	EndGlobalSection
	GlobalSection(ProjectConfigurationPlatforms) = postSolution
		{8B7A9BD0-F010-4808-A96F-D63104BA5A90}.Debug|Any CPU.ActiveCfg = Debug|Any CPU
		{8B7A9BD0-F010-4808-A96F-D63104BA5A90}.Debug|Any CPU.Build.0 = Debug|Any CPU
		{8B7A9BD0-F010-4808-A96F-D63104BA5A90}.Release|Any CPU.ActiveCfg = Release|Any CPU
		{8B7A9BD0-F010-4808-A96F-D63104BA5A90}.Release|Any CPU.Build.0 = Release|Any CPU
	EndGlobalSection
	GlobalSection(SolutionProperties) = preSolution
		HideSolutionNode = FALSE
	EndGlobalSection
	GlobalSection(ExtensibilityGlobals) = postSolution
		SolutionGuid = {C5AB61EC-4B44-436D-A9F2-9F9EA498F606}
	EndGlobalSection
EndGlobal
